
Microsoft Visual Studio Solution File, Format Version 12.00
# Visual Studio 15
VisualStudioVersion = 15.0.27825.0
MinimumVisualStudioVersion = 10.0.40219.1
Project("{9A19103F-16F7-4668-BE54-9A1E7A4F7556}") = "Harmony", "Harmony\Harmony.csproj", "{D366F6CB-5C47-458B-A414-92A51522FB47}"
EndProject
Project("{FAE04EC0-301F-11D3-BF4B-00C04F79EFBC}") = "HarmonyApp.Android", "HarmonyApp\HarmonyApp.Android\HarmonyApp.Android.csproj", "{07719D98-E793-46BF-8EDA-6530C54837CE}"
EndProject
Project("{FAE04EC0-301F-11D3-BF4B-00C04F79EFBC}") = "HarmonyApp.iOS", "HarmonyApp\HarmonyApp.iOS\HarmonyApp.iOS.csproj", "{E3D4E6EB-5CE9-4586-931A-C770089E1E74}"
EndProject
Project("{FAE04EC0-301F-11D3-BF4B-00C04F79EFBC}") = "HarmonyApp.UWP", "HarmonyApp\HarmonyApp.UWP\HarmonyApp.UWP.csproj", "{9785A984-E920-4C4F-B504-A358C05F5298}"
EndProject
Project("{9A19103F-16F7-4668-BE54-9A1E7A4F7556}") = "HarmonyApp", "HarmonyApp\HarmonyApp\HarmonyApp.csproj", "{FFA71F91-A6E6-44BE-B6B4-CE645E22D6F3}"
EndProject
Project("{9A19103F-16F7-4668-BE54-9A1E7A4F7556}") = "HarmonyHubTest", "HarmonyHubTest\HarmonyHubTest.csproj", "{9652713E-784D-4F51-B862-91663D673812}"
EndProject
Global
	GlobalSection(SolutionConfigurationPlatforms) = preSolution
		Ad-Hoc|Any CPU = Ad-Hoc|Any CPU
		Ad-Hoc|ARM = Ad-Hoc|ARM
		Ad-Hoc|iPhone = Ad-Hoc|iPhone
		Ad-Hoc|iPhoneSimulator = Ad-Hoc|iPhoneSimulator
		Ad-Hoc|x64 = Ad-Hoc|x64
		Ad-Hoc|x86 = Ad-Hoc|x86
		AppStore|Any CPU = AppStore|Any CPU
		AppStore|ARM = AppStore|ARM
		AppStore|iPhone = AppStore|iPhone
		AppStore|iPhoneSimulator = AppStore|iPhoneSimulator
		AppStore|x64 = AppStore|x64
		AppStore|x86 = AppStore|x86
		Debug|Any CPU = Debug|Any CPU
		Debug|ARM = Debug|ARM
		Debug|iPhone = Debug|iPhone
		Debug|iPhoneSimulator = Debug|iPhoneSimulator
		Debug|x64 = Debug|x64
		Debug|x86 = Debug|x86
		Release|Any CPU = Release|Any CPU
		Release|ARM = Release|ARM
		Release|iPhone = Release|iPhone
		Release|iPhoneSimulator = Release|iPhoneSimulator
		Release|x64 = Release|x64
		Release|x86 = Release|x86
	EndGlobalSection
	GlobalSection(ProjectConfigurationPlatforms) = postSolution
		{D366F6CB-5C47-458B-A414-92A51522FB47}.Ad-Hoc|Any CPU.ActiveCfg = Release|Any CPU
		{D366F6CB-5C47-458B-A414-92A51522FB47}.Ad-Hoc|Any CPU.Build.0 = Release|Any CPU
		{D366F6CB-5C47-458B-A414-92A51522FB47}.Ad-Hoc|ARM.ActiveCfg = Release|Any CPU
		{D366F6CB-5C47-458B-A414-92A51522FB47}.Ad-Hoc|ARM.Build.0 = Release|Any CPU
		{D366F6CB-5C47-458B-A414-92A51522FB47}.Ad-Hoc|iPhone.ActiveCfg = Release|Any CPU
		{D366F6CB-5C47-458B-A414-92A51522FB47}.Ad-Hoc|iPhone.Build.0 = Release|Any CPU
		{D366F6CB-5C47-458B-A414-92A51522FB47}.Ad-Hoc|iPhoneSimulator.ActiveCfg = Release|Any CPU
		{D366F6CB-5C47-458B-A414-92A51522FB47}.Ad-Hoc|iPhoneSimulator.Build.0 = Release|Any CPU
		{D366F6CB-5C47-458B-A414-92A51522FB47}.Ad-Hoc|x64.ActiveCfg = Release|Any CPU
		{D366F6CB-5C47-458B-A414-92A51522FB47}.Ad-Hoc|x64.Build.0 = Release|Any CPU
		{D366F6CB-5C47-458B-A414-92A51522FB47}.Ad-Hoc|x86.ActiveCfg = Release|Any CPU
		{D366F6CB-5C47-458B-A414-92A51522FB47}.Ad-Hoc|x86.Build.0 = Release|Any CPU
		{D366F6CB-5C47-458B-A414-92A51522FB47}.AppStore|Any CPU.ActiveCfg = Release|Any CPU
		{D366F6CB-5C47-458B-A414-92A51522FB47}.AppStore|Any CPU.Build.0 = Release|Any CPU
		{D366F6CB-5C47-458B-A414-92A51522FB47}.AppStore|ARM.ActiveCfg = Release|Any CPU
		{D366F6CB-5C47-458B-A414-92A51522FB47}.AppStore|ARM.Build.0 = Release|Any CPU
		{D366F6CB-5C47-458B-A414-92A51522FB47}.AppStore|iPhone.ActiveCfg = Release|Any CPU
		{D366F6CB-5C47-458B-A414-92A51522FB47}.AppStore|iPhone.Build.0 = Release|Any CPU
		{D366F6CB-5C47-458B-A414-92A51522FB47}.AppStore|iPhoneSimulator.ActiveCfg = Release|Any CPU
		{D366F6CB-5C47-458B-A414-92A51522FB47}.AppStore|iPhoneSimulator.Build.0 = Release|Any CPU
		{D366F6CB-5C47-458B-A414-92A51522FB47}.AppStore|x64.ActiveCfg = Release|Any CPU
		{D366F6CB-5C47-458B-A414-92A51522FB47}.AppStore|x64.Build.0 = Release|Any CPU
		{D366F6CB-5C47-458B-A414-92A51522FB47}.AppStore|x86.ActiveCfg = Release|Any CPU
		{D366F6CB-5C47-458B-A414-92A51522FB47}.AppStore|x86.Build.0 = Release|Any CPU
		{D366F6CB-5C47-458B-A414-92A51522FB47}.Debug|Any CPU.ActiveCfg = Debug|Any CPU
		{D366F6CB-5C47-458B-A414-92A51522FB47}.Debug|Any CPU.Build.0 = Debug|Any CPU
		{D366F6CB-5C47-458B-A414-92A51522FB47}.Debug|ARM.ActiveCfg = Debug|Any CPU
		{D366F6CB-5C47-458B-A414-92A51522FB47}.Debug|ARM.Build.0 = Debug|Any CPU
		{D366F6CB-5C47-458B-A414-92A51522FB47}.Debug|iPhone.ActiveCfg = Debug|Any CPU
		{D366F6CB-5C47-458B-A414-92A51522FB47}.Debug|iPhone.Build.0 = Debug|Any CPU
		{D366F6CB-5C47-458B-A414-92A51522FB47}.Debug|iPhoneSimulator.ActiveCfg = Debug|Any CPU
		{D366F6CB-5C47-458B-A414-92A51522FB47}.Debug|iPhoneSimulator.Build.0 = Debug|Any CPU
		{D366F6CB-5C47-458B-A414-92A51522FB47}.Debug|x64.ActiveCfg = Debug|Any CPU
		{D366F6CB-5C47-458B-A414-92A51522FB47}.Debug|x64.Build.0 = Debug|Any CPU
		{D366F6CB-5C47-458B-A414-92A51522FB47}.Debug|x86.ActiveCfg = Debug|Any CPU
		{D366F6CB-5C47-458B-A414-92A51522FB47}.Debug|x86.Build.0 = Debug|Any CPU
		{D366F6CB-5C47-458B-A414-92A51522FB47}.Release|Any CPU.ActiveCfg = Release|Any CPU
		{D366F6CB-5C47-458B-A414-92A51522FB47}.Release|Any CPU.Build.0 = Release|Any CPU
		{D366F6CB-5C47-458B-A414-92A51522FB47}.Release|ARM.ActiveCfg = Release|Any CPU
		{D366F6CB-5C47-458B-A414-92A51522FB47}.Release|ARM.Build.0 = Release|Any CPU
		{D366F6CB-5C47-458B-A414-92A51522FB47}.Release|iPhone.ActiveCfg = Release|Any CPU
		{D366F6CB-5C47-458B-A414-92A51522FB47}.Release|iPhone.Build.0 = Release|Any CPU
		{D366F6CB-5C47-458B-A414-92A51522FB47}.Release|iPhoneSimulator.ActiveCfg = Release|Any CPU
		{D366F6CB-5C47-458B-A414-92A51522FB47}.Release|iPhoneSimulator.Build.0 = Release|Any CPU
		{D366F6CB-5C47-458B-A414-92A51522FB47}.Release|x64.ActiveCfg = Release|Any CPU
		{D366F6CB-5C47-458B-A414-92A51522FB47}.Release|x64.Build.0 = Release|Any CPU
		{D366F6CB-5C47-458B-A414-92A51522FB47}.Release|x86.ActiveCfg = Release|Any CPU
		{D366F6CB-5C47-458B-A414-92A51522FB47}.Release|x86.Build.0 = Release|Any CPU
		{07719D98-E793-46BF-8EDA-6530C54837CE}.Ad-Hoc|Any CPU.ActiveCfg = Release|Any CPU
		{07719D98-E793-46BF-8EDA-6530C54837CE}.Ad-Hoc|Any CPU.Build.0 = Release|Any CPU
		{07719D98-E793-46BF-8EDA-6530C54837CE}.Ad-Hoc|Any CPU.Deploy.0 = Release|Any CPU
		{07719D98-E793-46BF-8EDA-6530C54837CE}.Ad-Hoc|ARM.ActiveCfg = Release|Any CPU
		{07719D98-E793-46BF-8EDA-6530C54837CE}.Ad-Hoc|ARM.Build.0 = Release|Any CPU
		{07719D98-E793-46BF-8EDA-6530C54837CE}.Ad-Hoc|ARM.Deploy.0 = Release|Any CPU
		{07719D98-E793-46BF-8EDA-6530C54837CE}.Ad-Hoc|iPhone.ActiveCfg = Release|Any CPU
		{07719D98-E793-46BF-8EDA-6530C54837CE}.Ad-Hoc|iPhone.Build.0 = Release|Any CPU
		{07719D98-E793-46BF-8EDA-6530C54837CE}.Ad-Hoc|iPhone.Deploy.0 = Release|Any CPU
		{07719D98-E793-46BF-8EDA-6530C54837CE}.Ad-Hoc|iPhoneSimulator.ActiveCfg = Release|Any CPU
		{07719D98-E793-46BF-8EDA-6530C54837CE}.Ad-Hoc|iPhoneSimulator.Build.0 = Release|Any CPU
		{07719D98-E793-46BF-8EDA-6530C54837CE}.Ad-Hoc|iPhoneSimulator.Deploy.0 = Release|Any CPU
		{07719D98-E793-46BF-8EDA-6530C54837CE}.Ad-Hoc|x64.ActiveCfg = Release|Any CPU
		{07719D98-E793-46BF-8EDA-6530C54837CE}.Ad-Hoc|x64.Build.0 = Release|Any CPU
		{07719D98-E793-46BF-8EDA-6530C54837CE}.Ad-Hoc|x64.Deploy.0 = Release|Any CPU
		{07719D98-E793-46BF-8EDA-6530C54837CE}.Ad-Hoc|x86.ActiveCfg = Release|Any CPU
		{07719D98-E793-46BF-8EDA-6530C54837CE}.Ad-Hoc|x86.Build.0 = Release|Any CPU
		{07719D98-E793-46BF-8EDA-6530C54837CE}.Ad-Hoc|x86.Deploy.0 = Release|Any CPU
		{07719D98-E793-46BF-8EDA-6530C54837CE}.AppStore|Any CPU.ActiveCfg = Release|Any CPU
		{07719D98-E793-46BF-8EDA-6530C54837CE}.AppStore|Any CPU.Build.0 = Release|Any CPU
		{07719D98-E793-46BF-8EDA-6530C54837CE}.AppStore|Any CPU.Deploy.0 = Release|Any CPU
		{07719D98-E793-46BF-8EDA-6530C54837CE}.AppStore|ARM.ActiveCfg = Release|Any CPU
		{07719D98-E793-46BF-8EDA-6530C54837CE}.AppStore|ARM.Build.0 = Release|Any CPU
		{07719D98-E793-46BF-8EDA-6530C54837CE}.AppStore|ARM.Deploy.0 = Release|Any CPU
		{07719D98-E793-46BF-8EDA-6530C54837CE}.AppStore|iPhone.ActiveCfg = Release|Any CPU
		{07719D98-E793-46BF-8EDA-6530C54837CE}.AppStore|iPhone.Build.0 = Release|Any CPU
		{07719D98-E793-46BF-8EDA-6530C54837CE}.AppStore|iPhone.Deploy.0 = Release|Any CPU
		{07719D98-E793-46BF-8EDA-6530C54837CE}.AppStore|iPhoneSimulator.ActiveCfg = Release|Any CPU
		{07719D98-E793-46BF-8EDA-6530C54837CE}.AppStore|iPhoneSimulator.Build.0 = Release|Any CPU
		{07719D98-E793-46BF-8EDA-6530C54837CE}.AppStore|iPhoneSimulator.Deploy.0 = Release|Any CPU
		{07719D98-E793-46BF-8EDA-6530C54837CE}.AppStore|x64.ActiveCfg = Release|Any CPU
		{07719D98-E793-46BF-8EDA-6530C54837CE}.AppStore|x64.Build.0 = Release|Any CPU
		{07719D98-E793-46BF-8EDA-6530C54837CE}.AppStore|x64.Deploy.0 = Release|Any CPU
		{07719D98-E793-46BF-8EDA-6530C54837CE}.AppStore|x86.ActiveCfg = Release|Any CPU
		{07719D98-E793-46BF-8EDA-6530C54837CE}.AppStore|x86.Build.0 = Release|Any CPU
		{07719D98-E793-46BF-8EDA-6530C54837CE}.AppStore|x86.Deploy.0 = Release|Any CPU
		{07719D98-E793-46BF-8EDA-6530C54837CE}.Debug|Any CPU.ActiveCfg = Debug|Any CPU
		{07719D98-E793-46BF-8EDA-6530C54837CE}.Debug|Any CPU.Build.0 = Debug|Any CPU
		{07719D98-E793-46BF-8EDA-6530C54837CE}.Debug|Any CPU.Deploy.0 = Debug|Any CPU
		{07719D98-E793-46BF-8EDA-6530C54837CE}.Debug|ARM.ActiveCfg = Debug|Any CPU
		{07719D98-E793-46BF-8EDA-6530C54837CE}.Debug|ARM.Build.0 = Debug|Any CPU
		{07719D98-E793-46BF-8EDA-6530C54837CE}.Debug|ARM.Deploy.0 = Debug|Any CPU
		{07719D98-E793-46BF-8EDA-6530C54837CE}.Debug|iPhone.ActiveCfg = Debug|Any CPU
		{07719D98-E793-46BF-8EDA-6530C54837CE}.Debug|iPhone.Build.0 = Debug|Any CPU
		{07719D98-E793-46BF-8EDA-6530C54837CE}.Debug|iPhone.Deploy.0 = Debug|Any CPU
		{07719D98-E793-46BF-8EDA-6530C54837CE}.Debug|iPhoneSimulator.ActiveCfg = Debug|Any CPU
		{07719D98-E793-46BF-8EDA-6530C54837CE}.Debug|iPhoneSimulator.Build.0 = Debug|Any CPU
		{07719D98-E793-46BF-8EDA-6530C54837CE}.Debug|iPhoneSimulator.Deploy.0 = Debug|Any CPU
		{07719D98-E793-46BF-8EDA-6530C54837CE}.Debug|x64.ActiveCfg = Debug|Any CPU
		{07719D98-E793-46BF-8EDA-6530C54837CE}.Debug|x64.Build.0 = Debug|Any CPU
		{07719D98-E793-46BF-8EDA-6530C54837CE}.Debug|x64.Deploy.0 = Debug|Any CPU
		{07719D98-E793-46BF-8EDA-6530C54837CE}.Debug|x86.ActiveCfg = Debug|Any CPU
		{07719D98-E793-46BF-8EDA-6530C54837CE}.Debug|x86.Build.0 = Debug|Any CPU
		{07719D98-E793-46BF-8EDA-6530C54837CE}.Debug|x86.Deploy.0 = Debug|Any CPU
		{07719D98-E793-46BF-8EDA-6530C54837CE}.Release|Any CPU.ActiveCfg = Release|Any CPU
		{07719D98-E793-46BF-8EDA-6530C54837CE}.Release|Any CPU.Build.0 = Release|Any CPU
		{07719D98-E793-46BF-8EDA-6530C54837CE}.Release|Any CPU.Deploy.0 = Release|Any CPU
		{07719D98-E793-46BF-8EDA-6530C54837CE}.Release|ARM.ActiveCfg = Release|Any CPU
		{07719D98-E793-46BF-8EDA-6530C54837CE}.Release|ARM.Build.0 = Release|Any CPU
		{07719D98-E793-46BF-8EDA-6530C54837CE}.Release|ARM.Deploy.0 = Release|Any CPU
		{07719D98-E793-46BF-8EDA-6530C54837CE}.Release|iPhone.ActiveCfg = Release|Any CPU
		{07719D98-E793-46BF-8EDA-6530C54837CE}.Release|iPhone.Build.0 = Release|Any CPU
		{07719D98-E793-46BF-8EDA-6530C54837CE}.Release|iPhone.Deploy.0 = Release|Any CPU
		{07719D98-E793-46BF-8EDA-6530C54837CE}.Release|iPhoneSimulator.ActiveCfg = Release|Any CPU
		{07719D98-E793-46BF-8EDA-6530C54837CE}.Release|iPhoneSimulator.Build.0 = Release|Any CPU
		{07719D98-E793-46BF-8EDA-6530C54837CE}.Release|iPhoneSimulator.Deploy.0 = Release|Any CPU
		{07719D98-E793-46BF-8EDA-6530C54837CE}.Release|x64.ActiveCfg = Release|Any CPU
		{07719D98-E793-46BF-8EDA-6530C54837CE}.Release|x64.Build.0 = Release|Any CPU
		{07719D98-E793-46BF-8EDA-6530C54837CE}.Release|x64.Deploy.0 = Release|Any CPU
		{07719D98-E793-46BF-8EDA-6530C54837CE}.Release|x86.ActiveCfg = Release|Any CPU
		{07719D98-E793-46BF-8EDA-6530C54837CE}.Release|x86.Build.0 = Release|Any CPU
		{07719D98-E793-46BF-8EDA-6530C54837CE}.Release|x86.Deploy.0 = Release|Any CPU
		{E3D4E6EB-5CE9-4586-931A-C770089E1E74}.Ad-Hoc|Any CPU.ActiveCfg = Ad-Hoc|iPhone
		{E3D4E6EB-5CE9-4586-931A-C770089E1E74}.Ad-Hoc|ARM.ActiveCfg = Ad-Hoc|iPhone
		{E3D4E6EB-5CE9-4586-931A-C770089E1E74}.Ad-Hoc|iPhone.ActiveCfg = Ad-Hoc|iPhone
		{E3D4E6EB-5CE9-4586-931A-C770089E1E74}.Ad-Hoc|iPhone.Build.0 = Ad-Hoc|iPhone
		{E3D4E6EB-5CE9-4586-931A-C770089E1E74}.Ad-Hoc|iPhoneSimulator.ActiveCfg = Ad-Hoc|iPhoneSimulator
		{E3D4E6EB-5CE9-4586-931A-C770089E1E74}.Ad-Hoc|iPhoneSimulator.Build.0 = Ad-Hoc|iPhoneSimulator
		{E3D4E6EB-5CE9-4586-931A-C770089E1E74}.Ad-Hoc|x64.ActiveCfg = Ad-Hoc|iPhone
		{E3D4E6EB-5CE9-4586-931A-C770089E1E74}.Ad-Hoc|x86.ActiveCfg = Ad-Hoc|iPhone
		{E3D4E6EB-5CE9-4586-931A-C770089E1E74}.AppStore|Any CPU.ActiveCfg = AppStore|iPhone
		{E3D4E6EB-5CE9-4586-931A-C770089E1E74}.AppStore|ARM.ActiveCfg = AppStore|iPhone
		{E3D4E6EB-5CE9-4586-931A-C770089E1E74}.AppStore|iPhone.ActiveCfg = AppStore|iPhone
		{E3D4E6EB-5CE9-4586-931A-C770089E1E74}.AppStore|iPhone.Build.0 = AppStore|iPhone
		{E3D4E6EB-5CE9-4586-931A-C770089E1E74}.AppStore|iPhoneSimulator.ActiveCfg = AppStore|iPhoneSimulator
		{E3D4E6EB-5CE9-4586-931A-C770089E1E74}.AppStore|iPhoneSimulator.Build.0 = AppStore|iPhoneSimulator
		{E3D4E6EB-5CE9-4586-931A-C770089E1E74}.AppStore|x64.ActiveCfg = AppStore|iPhone
		{E3D4E6EB-5CE9-4586-931A-C770089E1E74}.AppStore|x86.ActiveCfg = AppStore|iPhone
		{E3D4E6EB-5CE9-4586-931A-C770089E1E74}.Debug|Any CPU.ActiveCfg = Debug|iPhone
		{E3D4E6EB-5CE9-4586-931A-C770089E1E74}.Debug|ARM.ActiveCfg = Debug|iPhone
		{E3D4E6EB-5CE9-4586-931A-C770089E1E74}.Debug|iPhone.ActiveCfg = Debug|iPhone
		{E3D4E6EB-5CE9-4586-931A-C770089E1E74}.Debug|iPhone.Build.0 = Debug|iPhone
		{E3D4E6EB-5CE9-4586-931A-C770089E1E74}.Debug|iPhoneSimulator.ActiveCfg = Debug|iPhoneSimulator
		{E3D4E6EB-5CE9-4586-931A-C770089E1E74}.Debug|iPhoneSimulator.Build.0 = Debug|iPhoneSimulator
		{E3D4E6EB-5CE9-4586-931A-C770089E1E74}.Debug|x64.ActiveCfg = Debug|iPhone
		{E3D4E6EB-5CE9-4586-931A-C770089E1E74}.Debug|x86.ActiveCfg = Debug|iPhone
		{E3D4E6EB-5CE9-4586-931A-C770089E1E74}.Release|Any CPU.ActiveCfg = Release|iPhone
		{E3D4E6EB-5CE9-4586-931A-C770089E1E74}.Release|ARM.ActiveCfg = Release|iPhone
		{E3D4E6EB-5CE9-4586-931A-C770089E1E74}.Release|iPhone.ActiveCfg = Release|iPhone
		{E3D4E6EB-5CE9-4586-931A-C770089E1E74}.Release|iPhone.Build.0 = Release|iPhone
		{E3D4E6EB-5CE9-4586-931A-C770089E1E74}.Release|iPhoneSimulator.ActiveCfg = Release|iPhoneSimulator
		{E3D4E6EB-5CE9-4586-931A-C770089E1E74}.Release|iPhoneSimulator.Build.0 = Release|iPhoneSimulator
		{E3D4E6EB-5CE9-4586-931A-C770089E1E74}.Release|x64.ActiveCfg = Release|iPhone
		{E3D4E6EB-5CE9-4586-931A-C770089E1E74}.Release|x86.ActiveCfg = Release|iPhone
		{9785A984-E920-4C4F-B504-A358C05F5298}.Ad-Hoc|Any CPU.ActiveCfg = Release|x86
		{9785A984-E920-4C4F-B504-A358C05F5298}.Ad-Hoc|Any CPU.Build.0 = Release|x86
		{9785A984-E920-4C4F-B504-A358C05F5298}.Ad-Hoc|Any CPU.Deploy.0 = Release|x86
		{9785A984-E920-4C4F-B504-A358C05F5298}.Ad-Hoc|ARM.ActiveCfg = Release|ARM
		{9785A984-E920-4C4F-B504-A358C05F5298}.Ad-Hoc|ARM.Build.0 = Release|ARM
		{9785A984-E920-4C4F-B504-A358C05F5298}.Ad-Hoc|ARM.Deploy.0 = Release|ARM
		{9785A984-E920-4C4F-B504-A358C05F5298}.Ad-Hoc|iPhone.ActiveCfg = Release|x86
		{9785A984-E920-4C4F-B504-A358C05F5298}.Ad-Hoc|iPhone.Build.0 = Release|x86
		{9785A984-E920-4C4F-B504-A358C05F5298}.Ad-Hoc|iPhone.Deploy.0 = Release|x86
		{9785A984-E920-4C4F-B504-A358C05F5298}.Ad-Hoc|iPhoneSimulator.ActiveCfg = Release|x86
		{9785A984-E920-4C4F-B504-A358C05F5298}.Ad-Hoc|iPhoneSimulator.Build.0 = Release|x86
		{9785A984-E920-4C4F-B504-A358C05F5298}.Ad-Hoc|iPhoneSimulator.Deploy.0 = Release|x86
		{9785A984-E920-4C4F-B504-A358C05F5298}.Ad-Hoc|x64.ActiveCfg = Release|x64
		{9785A984-E920-4C4F-B504-A358C05F5298}.Ad-Hoc|x64.Build.0 = Release|x64
		{9785A984-E920-4C4F-B504-A358C05F5298}.Ad-Hoc|x64.Deploy.0 = Release|x64
		{9785A984-E920-4C4F-B504-A358C05F5298}.Ad-Hoc|x86.ActiveCfg = Release|x86
		{9785A984-E920-4C4F-B504-A358C05F5298}.Ad-Hoc|x86.Build.0 = Release|x86
		{9785A984-E920-4C4F-B504-A358C05F5298}.Ad-Hoc|x86.Deploy.0 = Release|x86
		{9785A984-E920-4C4F-B504-A358C05F5298}.AppStore|Any CPU.ActiveCfg = Release|x86
		{9785A984-E920-4C4F-B504-A358C05F5298}.AppStore|Any CPU.Build.0 = Release|x86
		{9785A984-E920-4C4F-B504-A358C05F5298}.AppStore|Any CPU.Deploy.0 = Release|x86
		{9785A984-E920-4C4F-B504-A358C05F5298}.AppStore|ARM.ActiveCfg = Release|ARM
		{9785A984-E920-4C4F-B504-A358C05F5298}.AppStore|ARM.Build.0 = Release|ARM
		{9785A984-E920-4C4F-B504-A358C05F5298}.AppStore|ARM.Deploy.0 = Release|ARM
		{9785A984-E920-4C4F-B504-A358C05F5298}.AppStore|iPhone.ActiveCfg = Release|x86
		{9785A984-E920-4C4F-B504-A358C05F5298}.AppStore|iPhone.Build.0 = Release|x86
		{9785A984-E920-4C4F-B504-A358C05F5298}.AppStore|iPhone.Deploy.0 = Release|x86
		{9785A984-E920-4C4F-B504-A358C05F5298}.AppStore|iPhoneSimulator.ActiveCfg = Release|x86
		{9785A984-E920-4C4F-B504-A358C05F5298}.AppStore|iPhoneSimulator.Build.0 = Release|x86
		{9785A984-E920-4C4F-B504-A358C05F5298}.AppStore|iPhoneSimulator.Deploy.0 = Release|x86
		{9785A984-E920-4C4F-B504-A358C05F5298}.AppStore|x64.ActiveCfg = Release|x64
		{9785A984-E920-4C4F-B504-A358C05F5298}.AppStore|x64.Build.0 = Release|x64
		{9785A984-E920-4C4F-B504-A358C05F5298}.AppStore|x64.Deploy.0 = Release|x64
		{9785A984-E920-4C4F-B504-A358C05F5298}.AppStore|x86.ActiveCfg = Release|x86
		{9785A984-E920-4C4F-B504-A358C05F5298}.AppStore|x86.Build.0 = Release|x86
		{9785A984-E920-4C4F-B504-A358C05F5298}.AppStore|x86.Deploy.0 = Release|x86
		{9785A984-E920-4C4F-B504-A358C05F5298}.Debug|Any CPU.ActiveCfg = Debug|x86
		{9785A984-E920-4C4F-B504-A358C05F5298}.Debug|ARM.ActiveCfg = Debug|ARM
		{9785A984-E920-4C4F-B504-A358C05F5298}.Debug|ARM.Build.0 = Debug|ARM
		{9785A984-E920-4C4F-B504-A358C05F5298}.Debug|ARM.Deploy.0 = Debug|ARM
		{9785A984-E920-4C4F-B504-A358C05F5298}.Debug|iPhone.ActiveCfg = Debug|x86
		{9785A984-E920-4C4F-B504-A358C05F5298}.Debug|iPhoneSimulator.ActiveCfg = Debug|x86
		{9785A984-E920-4C4F-B504-A358C05F5298}.Debug|x64.ActiveCfg = Debug|x64
		{9785A984-E920-4C4F-B504-A358C05F5298}.Debug|x64.Build.0 = Debug|x64
		{9785A984-E920-4C4F-B504-A358C05F5298}.Debug|x64.Deploy.0 = Debug|x64
		{9785A984-E920-4C4F-B504-A358C05F5298}.Debug|x86.ActiveCfg = Debug|x86
		{9785A984-E920-4C4F-B504-A358C05F5298}.Debug|x86.Build.0 = Debug|x86
		{9785A984-E920-4C4F-B504-A358C05F5298}.Debug|x86.Deploy.0 = Debug|x86
		{9785A984-E920-4C4F-B504-A358C05F5298}.Release|Any CPU.ActiveCfg = Release|x86
		{9785A984-E920-4C4F-B504-A358C05F5298}.Release|ARM.ActiveCfg = Release|ARM
		{9785A984-E920-4C4F-B504-A358C05F5298}.Release|ARM.Build.0 = Release|ARM
		{9785A984-E920-4C4F-B504-A358C05F5298}.Release|ARM.Deploy.0 = Release|ARM
		{9785A984-E920-4C4F-B504-A358C05F5298}.Release|iPhone.ActiveCfg = Release|x86
		{9785A984-E920-4C4F-B504-A358C05F5298}.Release|iPhoneSimulator.ActiveCfg = Release|x86
		{9785A984-E920-4C4F-B504-A358C05F5298}.Release|x64.ActiveCfg = Release|x64
		{9785A984-E920-4C4F-B504-A358C05F5298}.Release|x64.Build.0 = Release|x64
		{9785A984-E920-4C4F-B504-A358C05F5298}.Release|x64.Deploy.0 = Release|x64
		{9785A984-E920-4C4F-B504-A358C05F5298}.Release|x86.ActiveCfg = Release|x86
		{9785A984-E920-4C4F-B504-A358C05F5298}.Release|x86.Build.0 = Release|x86
		{9785A984-E920-4C4F-B504-A358C05F5298}.Release|x86.Deploy.0 = Release|x86
		{FFA71F91-A6E6-44BE-B6B4-CE645E22D6F3}.Ad-Hoc|Any CPU.ActiveCfg = Debug|Any CPU
		{FFA71F91-A6E6-44BE-B6B4-CE645E22D6F3}.Ad-Hoc|Any CPU.Build.0 = Debug|Any CPU
		{FFA71F91-A6E6-44BE-B6B4-CE645E22D6F3}.Ad-Hoc|ARM.ActiveCfg = Debug|Any CPU
		{FFA71F91-A6E6-44BE-B6B4-CE645E22D6F3}.Ad-Hoc|ARM.Build.0 = Debug|Any CPU
		{FFA71F91-A6E6-44BE-B6B4-CE645E22D6F3}.Ad-Hoc|iPhone.ActiveCfg = Debug|Any CPU
		{FFA71F91-A6E6-44BE-B6B4-CE645E22D6F3}.Ad-Hoc|iPhone.Build.0 = Debug|Any CPU
		{FFA71F91-A6E6-44BE-B6B4-CE645E22D6F3}.Ad-Hoc|iPhoneSimulator.ActiveCfg = Debug|Any CPU
		{FFA71F91-A6E6-44BE-B6B4-CE645E22D6F3}.Ad-Hoc|iPhoneSimulator.Build.0 = Debug|Any CPU
		{FFA71F91-A6E6-44BE-B6B4-CE645E22D6F3}.Ad-Hoc|x64.ActiveCfg = Debug|Any CPU
		{FFA71F91-A6E6-44BE-B6B4-CE645E22D6F3}.Ad-Hoc|x64.Build.0 = Debug|Any CPU
		{FFA71F91-A6E6-44BE-B6B4-CE645E22D6F3}.Ad-Hoc|x86.ActiveCfg = Debug|Any CPU
		{FFA71F91-A6E6-44BE-B6B4-CE645E22D6F3}.Ad-Hoc|x86.Build.0 = Debug|Any CPU
		{FFA71F91-A6E6-44BE-B6B4-CE645E22D6F3}.AppStore|Any CPU.ActiveCfg = Debug|Any CPU
		{FFA71F91-A6E6-44BE-B6B4-CE645E22D6F3}.AppStore|Any CPU.Build.0 = Debug|Any CPU
		{FFA71F91-A6E6-44BE-B6B4-CE645E22D6F3}.AppStore|ARM.ActiveCfg = Debug|Any CPU
		{FFA71F91-A6E6-44BE-B6B4-CE645E22D6F3}.AppStore|ARM.Build.0 = Debug|Any CPU
		{FFA71F91-A6E6-44BE-B6B4-CE645E22D6F3}.AppStore|iPhone.ActiveCfg = Debug|Any CPU
		{FFA71F91-A6E6-44BE-B6B4-CE645E22D6F3}.AppStore|iPhone.Build.0 = Debug|Any CPU
		{FFA71F91-A6E6-44BE-B6B4-CE645E22D6F3}.AppStore|iPhoneSimulator.ActiveCfg = Debug|Any CPU
		{FFA71F91-A6E6-44BE-B6B4-CE645E22D6F3}.AppStore|iPhoneSimulator.Build.0 = Debug|Any CPU
		{FFA71F91-A6E6-44BE-B6B4-CE645E22D6F3}.AppStore|x64.ActiveCfg = Debug|Any CPU
		{FFA71F91-A6E6-44BE-B6B4-CE645E22D6F3}.AppStore|x64.Build.0 = Debug|Any CPU
		{FFA71F91-A6E6-44BE-B6B4-CE645E22D6F3}.AppStore|x86.ActiveCfg = Debug|Any CPU
		{FFA71F91-A6E6-44BE-B6B4-CE645E22D6F3}.AppStore|x86.Build.0 = Debug|Any CPU
		{FFA71F91-A6E6-44BE-B6B4-CE645E22D6F3}.Debug|Any CPU.ActiveCfg = Debug|Any CPU
		{FFA71F91-A6E6-44BE-B6B4-CE645E22D6F3}.Debug|Any CPU.Build.0 = Debug|Any CPU
		{FFA71F91-A6E6-44BE-B6B4-CE645E22D6F3}.Debug|ARM.ActiveCfg = Debug|Any CPU
		{FFA71F91-A6E6-44BE-B6B4-CE645E22D6F3}.Debug|ARM.Build.0 = Debug|Any CPU
		{FFA71F91-A6E6-44BE-B6B4-CE645E22D6F3}.Debug|iPhone.ActiveCfg = Debug|Any CPU
		{FFA71F91-A6E6-44BE-B6B4-CE645E22D6F3}.Debug|iPhone.Build.0 = Debug|Any CPU
		{FFA71F91-A6E6-44BE-B6B4-CE645E22D6F3}.Debug|iPhoneSimulator.ActiveCfg = Debug|Any CPU
		{FFA71F91-A6E6-44BE-B6B4-CE645E22D6F3}.Debug|iPhoneSimulator.Build.0 = Debug|Any CPU
		{FFA71F91-A6E6-44BE-B6B4-CE645E22D6F3}.Debug|x64.ActiveCfg = Debug|Any CPU
		{FFA71F91-A6E6-44BE-B6B4-CE645E22D6F3}.Debug|x64.Build.0 = Debug|Any CPU
		{FFA71F91-A6E6-44BE-B6B4-CE645E22D6F3}.Debug|x86.ActiveCfg = Debug|Any CPU
		{FFA71F91-A6E6-44BE-B6B4-CE645E22D6F3}.Debug|x86.Build.0 = Debug|Any CPU
		{FFA71F91-A6E6-44BE-B6B4-CE645E22D6F3}.Release|Any CPU.ActiveCfg = Release|Any CPU
		{FFA71F91-A6E6-44BE-B6B4-CE645E22D6F3}.Release|Any CPU.Build.0 = Release|Any CPU
		{FFA71F91-A6E6-44BE-B6B4-CE645E22D6F3}.Release|ARM.ActiveCfg = Release|Any CPU
		{FFA71F91-A6E6-44BE-B6B4-CE645E22D6F3}.Release|ARM.Build.0 = Release|Any CPU
		{FFA71F91-A6E6-44BE-B6B4-CE645E22D6F3}.Release|iPhone.ActiveCfg = Release|Any CPU
		{FFA71F91-A6E6-44BE-B6B4-CE645E22D6F3}.Release|iPhone.Build.0 = Release|Any CPU
		{FFA71F91-A6E6-44BE-B6B4-CE645E22D6F3}.Release|iPhoneSimulator.ActiveCfg = Release|Any CPU
		{FFA71F91-A6E6-44BE-B6B4-CE645E22D6F3}.Release|iPhoneSimulator.Build.0 = Release|Any CPU
		{FFA71F91-A6E6-44BE-B6B4-CE645E22D6F3}.Release|x64.ActiveCfg = Release|Any CPU
		{FFA71F91-A6E6-44BE-B6B4-CE645E22D6F3}.Release|x64.Build.0 = Release|Any CPU
		{FFA71F91-A6E6-44BE-B6B4-CE645E22D6F3}.Release|x86.ActiveCfg = Release|Any CPU
		{FFA71F91-A6E6-44BE-B6B4-CE645E22D6F3}.Release|x86.Build.0 = Release|Any CPU
		{9652713E-784D-4F51-B862-91663D673812}.Ad-Hoc|Any CPU.ActiveCfg = Debug|Any CPU
		{9652713E-784D-4F51-B862-91663D673812}.Ad-Hoc|Any CPU.Build.0 = Debug|Any CPU
		{9652713E-784D-4F51-B862-91663D673812}.Ad-Hoc|ARM.ActiveCfg = Debug|Any CPU
		{9652713E-784D-4F51-B862-91663D673812}.Ad-Hoc|ARM.Build.0 = Debug|Any CPU
		{9652713E-784D-4F51-B862-91663D673812}.Ad-Hoc|iPhone.ActiveCfg = Debug|Any CPU
		{9652713E-784D-4F51-B862-91663D673812}.Ad-Hoc|iPhone.Build.0 = Debug|Any CPU
		{9652713E-784D-4F51-B862-91663D673812}.Ad-Hoc|iPhoneSimulator.ActiveCfg = Debug|Any CPU
		{9652713E-784D-4F51-B862-91663D673812}.Ad-Hoc|iPhoneSimulator.Build.0 = Debug|Any CPU
		{9652713E-784D-4F51-B862-91663D673812}.Ad-Hoc|x64.ActiveCfg = Debug|Any CPU
		{9652713E-784D-4F51-B862-91663D673812}.Ad-Hoc|x64.Build.0 = Debug|Any CPU
		{9652713E-784D-4F51-B862-91663D673812}.Ad-Hoc|x86.ActiveCfg = Debug|Any CPU
		{9652713E-784D-4F51-B862-91663D673812}.Ad-Hoc|x86.Build.0 = Debug|Any CPU
		{9652713E-784D-4F51-B862-91663D673812}.AppStore|Any CPU.ActiveCfg = Debug|Any CPU
		{9652713E-784D-4F51-B862-91663D673812}.AppStore|Any CPU.Build.0 = Debug|Any CPU
		{9652713E-784D-4F51-B862-91663D673812}.AppStore|ARM.ActiveCfg = Debug|Any CPU
		{9652713E-784D-4F51-B862-91663D673812}.AppStore|ARM.Build.0 = Debug|Any CPU
		{9652713E-784D-4F51-B862-91663D673812}.AppStore|iPhone.ActiveCfg = Debug|Any CPU
		{9652713E-784D-4F51-B862-91663D673812}.AppStore|iPhone.Build.0 = Debug|Any CPU
		{9652713E-784D-4F51-B862-91663D673812}.AppStore|iPhoneSimulator.ActiveCfg = Debug|Any CPU
		{9652713E-784D-4F51-B862-91663D673812}.AppStore|iPhoneSimulator.Build.0 = Debug|Any CPU
		{9652713E-784D-4F51-B862-91663D673812}.AppStore|x64.ActiveCfg = Debug|Any CPU
		{9652713E-784D-4F51-B862-91663D673812}.AppStore|x64.Build.0 = Debug|Any CPU
		{9652713E-784D-4F51-B862-91663D673812}.AppStore|x86.ActiveCfg = Debug|Any CPU
		{9652713E-784D-4F51-B862-91663D673812}.AppStore|x86.Build.0 = Debug|Any CPU
		{9652713E-784D-4F51-B862-91663D673812}.Debug|Any CPU.ActiveCfg = Debug|Any CPU
		{9652713E-784D-4F51-B862-91663D673812}.Debug|Any CPU.Build.0 = Debug|Any CPU
		{9652713E-784D-4F51-B862-91663D673812}.Debug|ARM.ActiveCfg = Debug|Any CPU
		{9652713E-784D-4F51-B862-91663D673812}.Debug|ARM.Build.0 = Debug|Any CPU
		{9652713E-784D-4F51-B862-91663D673812}.Debug|iPhone.ActiveCfg = Debug|Any CPU
		{9652713E-784D-4F51-B862-91663D673812}.Debug|iPhone.Build.0 = Debug|Any CPU
		{9652713E-784D-4F51-B862-91663D673812}.Debug|iPhoneSimulator.ActiveCfg = Debug|Any CPU
		{9652713E-784D-4F51-B862-91663D673812}.Debug|iPhoneSimulator.Build.0 = Debug|Any CPU
		{9652713E-784D-4F51-B862-91663D673812}.Debug|x64.ActiveCfg = Debug|Any CPU
		{9652713E-784D-4F51-B862-91663D673812}.Debug|x64.Build.0 = Debug|Any CPU
		{9652713E-784D-4F51-B862-91663D673812}.Debug|x86.ActiveCfg = Debug|Any CPU
		{9652713E-784D-4F51-B862-91663D673812}.Debug|x86.Build.0 = Debug|Any CPU
		{9652713E-784D-4F51-B862-91663D673812}.Release|Any CPU.ActiveCfg = Release|Any CPU
		{9652713E-784D-4F51-B862-91663D673812}.Release|Any CPU.Build.0 = Release|Any CPU
		{9652713E-784D-4F51-B862-91663D673812}.Release|ARM.ActiveCfg = Release|Any CPU
		{9652713E-784D-4F51-B862-91663D673812}.Release|ARM.Build.0 = Release|Any CPU
		{9652713E-784D-4F51-B862-91663D673812}.Release|iPhone.ActiveCfg = Release|Any CPU
		{9652713E-784D-4F51-B862-91663D673812}.Release|iPhone.Build.0 = Release|Any CPU
		{9652713E-784D-4F51-B862-91663D673812}.Release|iPhoneSimulator.ActiveCfg = Release|Any CPU
		{9652713E-784D-4F51-B862-91663D673812}.Release|iPhoneSimulator.Build.0 = Release|Any CPU
		{9652713E-784D-4F51-B862-91663D673812}.Release|x64.ActiveCfg = Release|Any CPU
		{9652713E-784D-4F51-B862-91663D673812}.Release|x64.Build.0 = Release|Any CPU
		{9652713E-784D-4F51-B862-91663D673812}.Release|x86.ActiveCfg = Release|Any CPU
		{9652713E-784D-4F51-B862-91663D673812}.Release|x86.Build.0 = Release|Any CPU
	EndGlobalSection
	GlobalSection(SolutionProperties) = preSolution
		HideSolutionNode = FALSE
	EndGlobalSection
	GlobalSection(ExtensibilityGlobals) = postSolution
		SolutionGuid = {53B6CB97-ABA9-4D9F-81FD-2D5546A916E3}
	EndGlobalSection
EndGlobal
